
Microsoft Visual Studio Solution File, Format Version 12.00
# Visual Studio Version 17
VisualStudioVersion = 17.9.34701.34
MinimumVisualStudioVersion = 10.0.40219.1
Project("{FAE04EC0-301F-11D3-BF4B-00C04F79EFBC}") = "Formularios", "Formularios\Formularios.csproj", "{6F93E796-7ED0-4768-98D1-229CDBC5FA3F}"
EndProject
Project("{FAE04EC0-301F-11D3-BF4B-00C04F79EFBC}") = "LibDeDados", "LibDeDados\LibDeDados.csproj", "{115C2CB4-1CC6-40AA-8933-893EA4DA17AB}"
EndProject
Project("{FAE04EC0-301F-11D3-BF4B-00C04F79EFBC}") = "LibDeEntidade", "LibDeEntidade\LibDeEntidade.csproj", "{FD326BBE-7A1F-48BF-93FB-064FF4BFFC19}"
EndProject
Project("{FAE04EC0-301F-11D3-BF4B-00C04F79EFBC}") = "LibDeNegocio", "LibDeNegocio\LibDeNegocio.csproj", "{C94F7B62-89FA-4E2E-AC00-2A400BB1DAB4}"
EndProject
Global
	GlobalSection(SolutionConfigurationPlatforms) = preSolution
		Debug|Any CPU = Debug|Any CPU
		Release|Any CPU = Release|Any CPU
	EndGlobalSection
	GlobalSection(ProjectConfigurationPlatforms) = postSolution
		{6F93E796-7ED0-4768-98D1-229CDBC5FA3F}.Debug|Any CPU.ActiveCfg = Debug|Any CPU
		{6F93E796-7ED0-4768-98D1-229CDBC5FA3F}.Debug|Any CPU.Build.0 = Debug|Any CPU
		{6F93E796-7ED0-4768-98D1-229CDBC5FA3F}.Release|Any CPU.ActiveCfg = Release|Any CPU
		{6F93E796-7ED0-4768-98D1-229CDBC5FA3F}.Release|Any CPU.Build.0 = Release|Any CPU
		{115C2CB4-1CC6-40AA-8933-893EA4DA17AB}.Debug|Any CPU.ActiveCfg = Debug|Any CPU
		{115C2CB4-1CC6-40AA-8933-893EA4DA17AB}.Debug|Any CPU.Build.0 = Debug|Any CPU
		{115C2CB4-1CC6-40AA-8933-893EA4DA17AB}.Release|Any CPU.ActiveCfg = Release|Any CPU
		{115C2CB4-1CC6-40AA-8933-893EA4DA17AB}.Release|Any CPU.Build.0 = Release|Any CPU
		{FD326BBE-7A1F-48BF-93FB-064FF4BFFC19}.Debug|Any CPU.ActiveCfg = Debug|Any CPU
		{FD326BBE-7A1F-48BF-93FB-064FF4BFFC19}.Debug|Any CPU.Build.0 = Debug|Any CPU
		{FD326BBE-7A1F-48BF-93FB-064FF4BFFC19}.Release|Any CPU.ActiveCfg = Release|Any CPU
		{FD326BBE-7A1F-48BF-93FB-064FF4BFFC19}.Release|Any CPU.Build.0 = Release|Any CPU
		{C94F7B62-89FA-4E2E-AC00-2A400BB1DAB4}.Debug|Any CPU.ActiveCfg = Debug|Any CPU
		{C94F7B62-89FA-4E2E-AC00-2A400BB1DAB4}.Debug|Any CPU.Build.0 = Debug|Any CPU
		{C94F7B62-89FA-4E2E-AC00-2A400BB1DAB4}.Release|Any CPU.ActiveCfg = Release|Any CPU
		{C94F7B62-89FA-4E2E-AC00-2A400BB1DAB4}.Release|Any CPU.Build.0 = Release|Any CPU
	EndGlobalSection
	GlobalSection(SolutionProperties) = preSolution
		HideSolutionNode = FALSE
	EndGlobalSection
	GlobalSection(ExtensibilityGlobals) = postSolution
		SolutionGuid = {6EFF021C-FBBA-47DF-8C9B-AC43BDE05166}
	EndGlobalSection
EndGlobal
